
Microsoft Visual Studio Solution File, Format Version 12.00
# Visual Studio 15
VisualStudioVersion = 15.0.28010.2016
MinimumVisualStudioVersion = 10.0.40219.1
Project("{FAE04EC0-301F-11D3-BF4B-00C04F79EFBC}") = "XBAP", "XBAP.csproj", "{813C38EF-95DD-414E-A1E0-61D09E034650}"
EndProject
Global
	GlobalSection(SolutionConfigurationPlatforms) = preSolution
		Debug|Any CPU = Debug|Any CPU
		Release|Any CPU = Release|Any CPU
	EndGlobalSection
	GlobalSection(ProjectConfigurationPlatforms) = postSolution
		{813C38EF-95DD-414E-A1E0-61D09E034650}.Debug|Any CPU.ActiveCfg = Debug|Any CPU
		{813C38EF-95DD-414E-A1E0-61D09E034650}.Debug|Any CPU.Build.0 = Debug|Any CPU
		{813C38EF-95DD-414E-A1E0-61D09E034650}.Release|Any CPU.ActiveCfg = Release|Any CPU
		{813C38EF-95DD-414E-A1E0-61D09E034650}.Release|Any CPU.Build.0 = Release|Any CPU
	EndGlobalSection
	GlobalSection(SolutionProperties) = preSolution
		HideSolutionNode = FALSE
	EndGlobalSection
	GlobalSection(ExtensibilityGlobals) = postSolution
		SolutionGuid = {B4DE7A4B-1FB4-41F8-BD4B-14E2A3ECFF31}
	EndGlobalSection
EndGlobal
